
Microsoft Visual Studio Solution File, Format Version 12.00
# Visual Studio Version 17
VisualStudioVersion = 17.1.31911.260
MinimumVisualStudioVersion = 10.0.40219.1
Project("{FAE04EC0-301F-11D3-BF4B-00C04F79EFBC}") = "Hex Bin", "Hex Bin.csproj", "{6F4AF0DA-6E09-4A5C-9CFE-6F029C119AC6}"
EndProject
Global
	GlobalSection(SolutionConfigurationPlatforms) = preSolution
		Debug|Any CPU = Debug|Any CPU
		Release|Any CPU = Release|Any CPU
	EndGlobalSection
	GlobalSection(ProjectConfigurationPlatforms) = postSolution
		{6F4AF0DA-6E09-4A5C-9CFE-6F029C119AC6}.Debug|Any CPU.ActiveCfg = Debug|Any CPU
		{6F4AF0DA-6E09-4A5C-9CFE-6F029C119AC6}.Debug|Any CPU.Build.0 = Debug|Any CPU
		{6F4AF0DA-6E09-4A5C-9CFE-6F029C119AC6}.Release|Any CPU.ActiveCfg = Release|Any CPU
		{6F4AF0DA-6E09-4A5C-9CFE-6F029C119AC6}.Release|Any CPU.Build.0 = Release|Any CPU
	EndGlobalSection
	GlobalSection(SolutionProperties) = preSolution
		HideSolutionNode = FALSE
	EndGlobalSection
	GlobalSection(ExtensibilityGlobals) = postSolution
		SolutionGuid = {7140CEFF-A06E-4DD3-A4FB-CEDC0A221962}
	EndGlobalSection
EndGlobal
